
Microsoft Visual Studio Solution File, Format Version 12.00
# Visual Studio Version 16
VisualStudioVersion = 16.0.29215.179
MinimumVisualStudioVersion = 10.0.40219.1
Project("{FAE04EC0-301F-11D3-BF4B-00C04F79EFBC}") = "exam-average", "exam-average.csproj", "{DEEBE7A6-DFCC-4024-A373-C86D316961A1}"
EndProject
Global
	GlobalSection(SolutionConfigurationPlatforms) = preSolution
		Debug|Any CPU = Debug|Any CPU
		Release|Any CPU = Release|Any CPU
	EndGlobalSection
	GlobalSection(ProjectConfigurationPlatforms) = postSolution
		{DEEBE7A6-DFCC-4024-A373-C86D316961A1}.Debug|Any CPU.ActiveCfg = Debug|Any CPU
		{DEEBE7A6-DFCC-4024-A373-C86D316961A1}.Debug|Any CPU.Build.0 = Debug|Any CPU
		{DEEBE7A6-DFCC-4024-A373-C86D316961A1}.Release|Any CPU.ActiveCfg = Release|Any CPU
		{DEEBE7A6-DFCC-4024-A373-C86D316961A1}.Release|Any CPU.Build.0 = Release|Any CPU
	EndGlobalSection
	GlobalSection(SolutionProperties) = preSolution
		HideSolutionNode = FALSE
	EndGlobalSection
	GlobalSection(ExtensibilityGlobals) = postSolution
		SolutionGuid = {D8E60EE7-D127-40F1-93DE-07D89E398F49}
	EndGlobalSection
EndGlobal
